
Microsoft Visual Studio Solution File, Format Version 12.00
# Visual Studio Version 17
VisualStudioVersion = 17.3.32929.385
MinimumVisualStudioVersion = 10.0.40219.1
Project("{8BC9CEB8-8B4A-11D0-8D11-00A0C91BC942}") = "OpenCL Test", "OpenCL Test\OpenCL Test.vcxproj", "{BB00F3D3-D354-443E-9A35-C3DF4CC4B4A1}"
EndProject
Project("{8BC9CEB8-8B4A-11D0-8D11-00A0C91BC942}") = "HelloWorld", "Hello World\Hello World.vcxproj", "{B482B107-9D93-4388-A8CA-2802271CA9FF}"
EndProject
Project("{8BC9CEB8-8B4A-11D0-8D11-00A0C91BC942}") = "ProcessArray", "ProcessArray\ProcessArray.vcxproj", "{C9CA5202-88D7-4553-9C1A-FE792D096ADF}"
EndProject
Project("{8BC9CEB8-8B4A-11D0-8D11-00A0C91BC942}") = "OpenCLHelper", "OpenCLHelper\OpenCLHelper.vcxproj", "{2D733112-216F-4A79-86EA-42A33DC1D87C}"
EndProject
Project("{8BC9CEB8-8B4A-11D0-8D11-00A0C91BC942}") = "ProcessMultidimensionalArray", "ProcessMultidimensionalArray\ProcessMultidimensionalArray.vcxproj", "{B5B3B6CD-312B-4913-A672-42EF3D206E79}"
EndProject
Project("{8BC9CEB8-8B4A-11D0-8D11-00A0C91BC942}") = "RotateMatrix", "RotateMatrix\RotateMatrix.vcxproj", "{487807D4-F560-45B4-AF2F-87FF6881F02D}"
EndProject
Project("{8BC9CEB8-8B4A-11D0-8D11-00A0C91BC942}") = "ReverseArray", "ReverseArray\ReverseArray.vcxproj", "{4239E794-2948-408E-BE5B-C7B3F6585DA3}"
EndProject
Global
	GlobalSection(SolutionConfigurationPlatforms) = preSolution
		Debug|x64 = Debug|x64
		Debug|x86 = Debug|x86
		Release|x64 = Release|x64
		Release|x86 = Release|x86
	EndGlobalSection
	GlobalSection(ProjectConfigurationPlatforms) = postSolution
		{BB00F3D3-D354-443E-9A35-C3DF4CC4B4A1}.Debug|x64.ActiveCfg = Debug|x64
		{BB00F3D3-D354-443E-9A35-C3DF4CC4B4A1}.Debug|x64.Build.0 = Debug|x64
		{BB00F3D3-D354-443E-9A35-C3DF4CC4B4A1}.Debug|x86.ActiveCfg = Debug|Win32
		{BB00F3D3-D354-443E-9A35-C3DF4CC4B4A1}.Debug|x86.Build.0 = Debug|Win32
		{BB00F3D3-D354-443E-9A35-C3DF4CC4B4A1}.Release|x64.ActiveCfg = Release|x64
		{BB00F3D3-D354-443E-9A35-C3DF4CC4B4A1}.Release|x64.Build.0 = Release|x64
		{BB00F3D3-D354-443E-9A35-C3DF4CC4B4A1}.Release|x86.ActiveCfg = Release|Win32
		{BB00F3D3-D354-443E-9A35-C3DF4CC4B4A1}.Release|x86.Build.0 = Release|Win32
		{B482B107-9D93-4388-A8CA-2802271CA9FF}.Debug|x64.ActiveCfg = Debug|x64
		{B482B107-9D93-4388-A8CA-2802271CA9FF}.Debug|x64.Build.0 = Debug|x64
		{B482B107-9D93-4388-A8CA-2802271CA9FF}.Debug|x86.ActiveCfg = Debug|Win32
		{B482B107-9D93-4388-A8CA-2802271CA9FF}.Debug|x86.Build.0 = Debug|Win32
		{B482B107-9D93-4388-A8CA-2802271CA9FF}.Release|x64.ActiveCfg = Release|x64
		{B482B107-9D93-4388-A8CA-2802271CA9FF}.Release|x64.Build.0 = Release|x64
		{B482B107-9D93-4388-A8CA-2802271CA9FF}.Release|x86.ActiveCfg = Release|Win32
		{B482B107-9D93-4388-A8CA-2802271CA9FF}.Release|x86.Build.0 = Release|Win32
		{C9CA5202-88D7-4553-9C1A-FE792D096ADF}.Debug|x64.ActiveCfg = Debug|x64
		{C9CA5202-88D7-4553-9C1A-FE792D096ADF}.Debug|x64.Build.0 = Debug|x64
		{C9CA5202-88D7-4553-9C1A-FE792D096ADF}.Debug|x86.ActiveCfg = Debug|Win32
		{C9CA5202-88D7-4553-9C1A-FE792D096ADF}.Debug|x86.Build.0 = Debug|Win32
		{C9CA5202-88D7-4553-9C1A-FE792D096ADF}.Release|x64.ActiveCfg = Release|x64
		{C9CA5202-88D7-4553-9C1A-FE792D096ADF}.Release|x64.Build.0 = Release|x64
		{C9CA5202-88D7-4553-9C1A-FE792D096ADF}.Release|x86.ActiveCfg = Release|Win32
		{C9CA5202-88D7-4553-9C1A-FE792D096ADF}.Release|x86.Build.0 = Release|Win32
		{2D733112-216F-4A79-86EA-42A33DC1D87C}.Debug|x64.ActiveCfg = Debug|x64
		{2D733112-216F-4A79-86EA-42A33DC1D87C}.Debug|x64.Build.0 = Debug|x64
		{2D733112-216F-4A79-86EA-42A33DC1D87C}.Debug|x86.ActiveCfg = Debug|Win32
		{2D733112-216F-4A79-86EA-42A33DC1D87C}.Debug|x86.Build.0 = Debug|Win32
		{2D733112-216F-4A79-86EA-42A33DC1D87C}.Release|x64.ActiveCfg = Release|x64
		{2D733112-216F-4A79-86EA-42A33DC1D87C}.Release|x64.Build.0 = Release|x64
		{2D733112-216F-4A79-86EA-42A33DC1D87C}.Release|x86.ActiveCfg = Release|Win32
		{2D733112-216F-4A79-86EA-42A33DC1D87C}.Release|x86.Build.0 = Release|Win32
		{B5B3B6CD-312B-4913-A672-42EF3D206E79}.Debug|x64.ActiveCfg = Debug|x64
		{B5B3B6CD-312B-4913-A672-42EF3D206E79}.Debug|x64.Build.0 = Debug|x64
		{B5B3B6CD-312B-4913-A672-42EF3D206E79}.Debug|x86.ActiveCfg = Debug|Win32
		{B5B3B6CD-312B-4913-A672-42EF3D206E79}.Debug|x86.Build.0 = Debug|Win32
		{B5B3B6CD-312B-4913-A672-42EF3D206E79}.Release|x64.ActiveCfg = Release|x64
		{B5B3B6CD-312B-4913-A672-42EF3D206E79}.Release|x64.Build.0 = Release|x64
		{B5B3B6CD-312B-4913-A672-42EF3D206E79}.Release|x86.ActiveCfg = Release|Win32
		{B5B3B6CD-312B-4913-A672-42EF3D206E79}.Release|x86.Build.0 = Release|Win32
		{487807D4-F560-45B4-AF2F-87FF6881F02D}.Debug|x64.ActiveCfg = Debug|x64
		{487807D4-F560-45B4-AF2F-87FF6881F02D}.Debug|x64.Build.0 = Debug|x64
		{487807D4-F560-45B4-AF2F-87FF6881F02D}.Debug|x86.ActiveCfg = Debug|Win32
		{487807D4-F560-45B4-AF2F-87FF6881F02D}.Debug|x86.Build.0 = Debug|Win32
		{487807D4-F560-45B4-AF2F-87FF6881F02D}.Release|x64.ActiveCfg = Release|x64
		{487807D4-F560-45B4-AF2F-87FF6881F02D}.Release|x64.Build.0 = Release|x64
		{487807D4-F560-45B4-AF2F-87FF6881F02D}.Release|x86.ActiveCfg = Release|Win32
		{487807D4-F560-45B4-AF2F-87FF6881F02D}.Release|x86.Build.0 = Release|Win32
		{4239E794-2948-408E-BE5B-C7B3F6585DA3}.Debug|x64.ActiveCfg = Debug|x64
		{4239E794-2948-408E-BE5B-C7B3F6585DA3}.Debug|x64.Build.0 = Debug|x64
		{4239E794-2948-408E-BE5B-C7B3F6585DA3}.Debug|x86.ActiveCfg = Debug|Win32
		{4239E794-2948-408E-BE5B-C7B3F6585DA3}.Debug|x86.Build.0 = Debug|Win32
		{4239E794-2948-408E-BE5B-C7B3F6585DA3}.Release|x64.ActiveCfg = Release|x64
		{4239E794-2948-408E-BE5B-C7B3F6585DA3}.Release|x64.Build.0 = Release|x64
		{4239E794-2948-408E-BE5B-C7B3F6585DA3}.Release|x86.ActiveCfg = Release|Win32
		{4239E794-2948-408E-BE5B-C7B3F6585DA3}.Release|x86.Build.0 = Release|Win32
	EndGlobalSection
	GlobalSection(SolutionProperties) = preSolution
		HideSolutionNode = FALSE
	EndGlobalSection
	GlobalSection(ExtensibilityGlobals) = postSolution
		SolutionGuid = {4F7A4D72-14F5-4877-A2E8-4D4BFE37B884}
	EndGlobalSection
EndGlobal
